
Microsoft Visual Studio Solution File, Format Version 12.00
# Visual Studio 2013
VisualStudioVersion = 12.0.31101.0
MinimumVisualStudioVersion = 10.0.40219.1
Project("{8BC9CEB8-8B4A-11D0-8D11-00A0C91BC942}") = "CSAFramework", "build\CSAFramework\CSAFramework.vcxproj", "{51AA2AE1-A5F0-49F7-B469-1E6A0F47659F}"
EndProject
Project("{8BC9CEB8-8B4A-11D0-8D11-00A0C91BC942}") = "CSAHelper", "build\CSAHelper\CSAHelper.vcxproj", "{9325A471-BA55-4297-8CB9-878519BC22FD}"
EndProject
Project("{2150E333-8FDC-42A3-9474-1A3956D46DE8}") = "ThirdParty", "ThirdParty", "{6C38F6EA-B01A-4FC2-A595-1B08EB844D62}"
EndProject
Project("{8BC9CEB8-8B4A-11D0-8D11-00A0C91BC942}") = "glew", "build\ThirdParty\glew\glew.vcxproj", "{897AE637-11D4-4B1F-8FC6-149BF7AEE805}"
EndProject
Global
	GlobalSection(SolutionConfigurationPlatforms) = preSolution
		Debug|Win32 = Debug|Win32
		Release|Win32 = Release|Win32
	EndGlobalSection
	GlobalSection(ProjectConfigurationPlatforms) = postSolution
		{51AA2AE1-A5F0-49F7-B469-1E6A0F47659F}.Debug|Win32.ActiveCfg = Debug|Win32
		{51AA2AE1-A5F0-49F7-B469-1E6A0F47659F}.Debug|Win32.Build.0 = Debug|Win32
		{51AA2AE1-A5F0-49F7-B469-1E6A0F47659F}.Release|Win32.ActiveCfg = Release|Win32
		{51AA2AE1-A5F0-49F7-B469-1E6A0F47659F}.Release|Win32.Build.0 = Release|Win32
		{9325A471-BA55-4297-8CB9-878519BC22FD}.Debug|Win32.ActiveCfg = Debug|Win32
		{9325A471-BA55-4297-8CB9-878519BC22FD}.Debug|Win32.Build.0 = Debug|Win32
		{9325A471-BA55-4297-8CB9-878519BC22FD}.Release|Win32.ActiveCfg = Release|Win32
		{9325A471-BA55-4297-8CB9-878519BC22FD}.Release|Win32.Build.0 = Release|Win32
		{897AE637-11D4-4B1F-8FC6-149BF7AEE805}.Debug|Win32.ActiveCfg = Debug|Win32
		{897AE637-11D4-4B1F-8FC6-149BF7AEE805}.Debug|Win32.Build.0 = Debug|Win32
		{897AE637-11D4-4B1F-8FC6-149BF7AEE805}.Release|Win32.ActiveCfg = Release|Win32
		{897AE637-11D4-4B1F-8FC6-149BF7AEE805}.Release|Win32.Build.0 = Release|Win32
	EndGlobalSection
	GlobalSection(SolutionProperties) = preSolution
		HideSolutionNode = FALSE
	EndGlobalSection
	GlobalSection(NestedProjects) = preSolution
		{897AE637-11D4-4B1F-8FC6-149BF7AEE805} = {6C38F6EA-B01A-4FC2-A595-1B08EB844D62}
	EndGlobalSection
EndGlobal
